<?xml version="1.0" encoding="utf-8"?>
<Project ToolsVersion="4.0" xmlns="http://schemas.microsoft.com/developer/msbuild/2003">
  <ItemGroup>
    <ClCompile Include="pch.cpp" />
    <ClCompile Include="VendingMachine.cpp">
      <Filter>VendingMachine</Filter>
    </ClCompile>
    <ClCompile Include="Drink.cpp">
      <Filter>Drink</Filter>
    </ClCompile>
    <ClCompile Include="ChangeRule.cpp">
      <Filter>Change</Filter>
    </ClCompile>
    <ClCompile Include="Change.cpp">
      <Filter>Change</Filter>
    </ClCompile>
    <ClCompile Include="test.cpp">
      <Filter>UnitTest</Filter>
    </ClCompile>
  </ItemGroup>
  <ItemGroup>
    <ClInclude Include="pch.h" />
    <ClInclude Include="VendingMachine.h">
      <Filter>VendingMachine</Filter>
    </ClInclude>
    <ClInclude Include="Drink.h">
      <Filter>Drink</Filter>
    </ClInclude>
    <ClInclude Include="ChangeRule.h">
      <Filter>Change</Filter>
    </ClInclude>
    <ClInclude Include="Change.h">
      <Filter>Change</Filter>
    </ClInclude>
    <ClInclude Include="VendingMachineTests.h">
      <Filter>UnitTest</Filter>
    </ClInclude>
  </ItemGroup>
  <ItemGroup>
    <Filter Include="VendingMachine">
      <UniqueIdentifier>{5f9f0a0b-8b7d-440c-8801-89b1098b42c4}</UniqueIdentifier>
    </Filter>
    <Filter Include="Drink">
      <UniqueIdentifier>{58da1964-3ff2-4535-9ad0-e290471bad91}</UniqueIdentifier>
    </Filter>
    <Filter Include="Change">
      <UniqueIdentifier>{76d5e794-2a4a-477f-8d61-b01f26e10afb}</UniqueIdentifier>
    </Filter>
    <Filter Include="UnitTest">
      <UniqueIdentifier>{628f3f63-3453-4125-b380-22da79907449}</UniqueIdentifier>
    </Filter>
  </ItemGroup>
  <ItemGroup>
    <None Include="packages.config" />
  </ItemGroup>
</Project>