<?xml version="1.0" encoding="utf-8"?>
<Project ToolsVersion="4.0" xmlns="http://schemas.microsoft.com/developer/msbuild/2003">
  <ItemGroup>
    <ClCompile Include="test.cpp" />
    <ClCompile Include="pch.cpp" />
    <ClCompile Include="VendingMachine.cpp">
      <Filter>VendingMachine</Filter>
    </ClCompile>
    <ClCompile Include="Drink.cpp">
      <Filter>Drink</Filter>
    </ClCompile>
  </ItemGroup>
  <ItemGroup>
    <ClInclude Include="pch.h" />
    <ClInclude Include="VendingMachine.h">
      <Filter>VendingMachine</Filter>
    </ClInclude>
    <ClInclude Include="Drink.h">
      <Filter>Drink</Filter>
    </ClInclude>
  </ItemGroup>
  <ItemGroup>
    <Filter Include="VendingMachine">
      <UniqueIdentifier>{5f9f0a0b-8b7d-440c-8801-89b1098b42c4}</UniqueIdentifier>
    </Filter>
    <Filter Include="Drink">
      <UniqueIdentifier>{58da1964-3ff2-4535-9ad0-e290471bad91}</UniqueIdentifier>
    </Filter>
  </ItemGroup>
</Project>